
Microsoft Visual Studio Solution File, Format Version 12.00
# Visual Studio Version 17
VisualStudioVersion = 17.13.35931.197 d17.13
MinimumVisualStudioVersion = 10.0.40219.1
Project("{FAE04EC0-301F-11D3-BF4B-00C04F79EFBC}") = "Beasts", "Beasts.csproj", "{26E4FBC3-CECC-4FA3-94AA-2C4572BDAB38}"
EndProject
Global
	GlobalSection(SolutionConfigurationPlatforms) = preSolution
		Debug|Any CPU = Debug|Any CPU
		Release|Any CPU = Release|Any CPU
	EndGlobalSection
	GlobalSection(ProjectConfigurationPlatforms) = postSolution
		{26E4FBC3-CECC-4FA3-94AA-2C4572BDAB38}.Debug|Any CPU.ActiveCfg = Debug|Any CPU
		{26E4FBC3-CECC-4FA3-94AA-2C4572BDAB38}.Debug|Any CPU.Build.0 = Debug|Any CPU
		{26E4FBC3-CECC-4FA3-94AA-2C4572BDAB38}.Release|Any CPU.ActiveCfg = Release|Any CPU
		{26E4FBC3-CECC-4FA3-94AA-2C4572BDAB38}.Release|Any CPU.Build.0 = Release|Any CPU
	EndGlobalSection
	GlobalSection(SolutionProperties) = preSolution
		HideSolutionNode = FALSE
	EndGlobalSection
	GlobalSection(ExtensibilityGlobals) = postSolution
		SolutionGuid = {B26DA662-26CB-4439-B4B2-79C069E31539}
	EndGlobalSection
EndGlobal
